
Microsoft Visual Studio Solution File, Format Version 12.00
# Visual Studio Version 16
VisualStudioVersion = 16.0.30330.147
MinimumVisualStudioVersion = 10.0.40219.1
Project("{FAE04EC0-301F-11D3-BF4B-00C04F79EFBC}") = "PassFormsApp", "PassFormsApp\PassFormsApp.csproj", "{3F872B95-8863-407C-81B8-74F99D3A09E5}"
EndProject
Global
	GlobalSection(SolutionConfigurationPlatforms) = preSolution
		Debug|Any CPU = Debug|Any CPU
		Release|Any CPU = Release|Any CPU
	EndGlobalSection
	GlobalSection(ProjectConfigurationPlatforms) = postSolution
		{3F872B95-8863-407C-81B8-74F99D3A09E5}.Debug|Any CPU.ActiveCfg = Debug|Any CPU
		{3F872B95-8863-407C-81B8-74F99D3A09E5}.Debug|Any CPU.Build.0 = Debug|Any CPU
		{3F872B95-8863-407C-81B8-74F99D3A09E5}.Release|Any CPU.ActiveCfg = Release|Any CPU
		{3F872B95-8863-407C-81B8-74F99D3A09E5}.Release|Any CPU.Build.0 = Release|Any CPU
	EndGlobalSection
	GlobalSection(SolutionProperties) = preSolution
		HideSolutionNode = FALSE
	EndGlobalSection
	GlobalSection(ExtensibilityGlobals) = postSolution
		SolutionGuid = {5FD89222-D98F-4295-9967-DD61A60C50A1}
	EndGlobalSection
EndGlobal
